
Microsoft Visual Studio Solution File, Format Version 12.00
# Visual Studio Version 18
VisualStudioVersion = 18.8.11925.187 insiders
MinimumVisualStudioVersion = 10.0.40219.1
Project("{2150E333-8FDC-42A3-9474-1A3956D46DE8}") = "Activities", "Activities", "{827E0CD3-B72D-47B6-A68D-7590B98EB39B}"
EndProject
Project("{FAE04EC0-301F-11D3-BF4B-00C04F79EFBC}") = "cCoder.Workflow", "cCoder.Workflow\cCoder.Workflow.csproj", "{A6F724AF-5200-4D77-A44E-5FD4124D83DB}"
EndProject
Project("{FAE04EC0-301F-11D3-BF4B-00C04F79EFBC}") = "cCoder.Workflow.Activities", "cCoder.Workflow.Activities\cCoder.Workflow.Activities.csproj", "{D000A42D-3517-4A57-A4C0-923D4DD9BDD1}"
EndProject
Project("{FAE04EC0-301F-11D3-BF4B-00C04F79EFBC}") = "cCoder.Workflow.Tests", "cCoder.Workflow.Tests\cCoder.Workflow.Tests.csproj", "{6F7C6759-33E1-444E-B857-440FE9A3359D}"
EndProject
Project("{FAE04EC0-301F-11D3-BF4B-00C04F79EFBC}") = "Workflow.Web", "Workflow.Web\Workflow.Web.csproj", "{CD162DA2-BEF2-42BC-BF64-0AD8B799BE6F}"
EndProject
Project("{FAE04EC0-301F-11D3-BF4B-00C04F79EFBC}") = "Workflow.HostedServices", "Workflow.HostedServices\Workflow.HostedServices.csproj", "{339812E8-7868-4EDB-AA4F-456B751C5B12}"
EndProject
Project("{2150E333-8FDC-42A3-9474-1A3956D46DE8}") = "Apps", "Apps", "{1787FE1D-075E-9E68-7218-25F1BD1BBEAB}"
EndProject
Project("{FAE04EC0-301F-11D3-BF4B-00C04F79EFBC}") = "Workflow", "Apps\Workflow\Workflow.csproj", "{14E84B52-914E-47B8-BE57-B6FAC964F756}"
EndProject
Project("{FAE04EC0-301F-11D3-BF4B-00C04F79EFBC}") = "cCoder.Workflow.Engine", "cCoder.Workflow.Engine\cCoder.Workflow.Engine.csproj", "{EFB54920-7351-4DE1-B3BA-F050E0EC763E}"
EndProject
Project("{FAE04EC0-301F-11D3-BF4B-00C04F79EFBC}") = "Workflow.Web.AcceptanceTests", "Workflow.Web.AcceptanceTests\Workflow.Web.AcceptanceTests.csproj", "{0A45505F-D489-4636-85A1-67942A1E8846}"
EndProject
Project("{FAE04EC0-301F-11D3-BF4B-00C04F79EFBC}") = "Workflow.HostedServices.AcceptanceTests", "Workflow.HostedServices.AcceptanceTests\Workflow.HostedServices.AcceptanceTests.csproj", "{1926BC25-BD96-4552-801D-6F04E513DABB}"
EndProject
Project("{FAE04EC0-301F-11D3-BF4B-00C04F79EFBC}") = "Workflow.AcceptanceTests", "Workflow.AcceptanceTests\Workflow.AcceptanceTests.csproj", "{4DF02FC8-663E-4AE9-B795-EEB647F1F008}"
EndProject
Project("{FAE04EC0-301F-11D3-BF4B-00C04F79EFBC}") = "cCoder.Workflow.IntegrationTests", "cCoder.Workflow.IntegrationTests\cCoder.Workflow.IntegrationTests.csproj", "{03075199-8CAD-4E7C-9E60-66DD70382CD7}"
EndProject
Project("{FAE04EC0-301F-11D3-BF4B-00C04F79EFBC}") = "cCoder.Workflow.Engine.Tests", "cCoder.Workflow.Engine.Tests\cCoder.Workflow.Engine.Tests.csproj", "{482B0699-1DFD-4F56-910C-82C87C770DC5}"
EndProject
Project("{FAE04EC0-301F-11D3-BF4B-00C04F79EFBC}") = "cCoder.Workflow.Activities.Tests", "cCoder.Workflow.Activities.Tests\cCoder.Workflow.Activities.Tests.csproj", "{2AD48184-0287-4A6C-8698-5E993379C0F3}"
EndProject
Project("{2150E333-8FDC-42A3-9474-1A3956D46DE8}") = "Engine", "Engine", "{A4EED6EE-E4C7-43A3-A923-82880ED55D58}"
EndProject
Global
	GlobalSection(SolutionConfigurationPlatforms) = preSolution
		Debug|Any CPU = Debug|Any CPU
		Debug|x64 = Debug|x64
		Debug|x86 = Debug|x86
		Release|Any CPU = Release|Any CPU
		Release|x64 = Release|x64
		Release|x86 = Release|x86
	EndGlobalSection
	GlobalSection(ProjectConfigurationPlatforms) = postSolution
		{A6F724AF-5200-4D77-A44E-5FD4124D83DB}.Debug|Any CPU.ActiveCfg = Debug|Any CPU
		{A6F724AF-5200-4D77-A44E-5FD4124D83DB}.Debug|Any CPU.Build.0 = Debug|Any CPU
		{A6F724AF-5200-4D77-A44E-5FD4124D83DB}.Debug|x64.ActiveCfg = Debug|Any CPU
		{A6F724AF-5200-4D77-A44E-5FD4124D83DB}.Debug|x64.Build.0 = Debug|Any CPU
		{A6F724AF-5200-4D77-A44E-5FD4124D83DB}.Debug|x86.ActiveCfg = Debug|Any CPU
		{A6F724AF-5200-4D77-A44E-5FD4124D83DB}.Debug|x86.Build.0 = Debug|Any CPU
		{A6F724AF-5200-4D77-A44E-5FD4124D83DB}.Release|Any CPU.ActiveCfg = Release|Any CPU
		{A6F724AF-5200-4D77-A44E-5FD4124D83DB}.Release|Any CPU.Build.0 = Release|Any CPU
		{A6F724AF-5200-4D77-A44E-5FD4124D83DB}.Release|x64.ActiveCfg = Release|Any CPU
		{A6F724AF-5200-4D77-A44E-5FD4124D83DB}.Release|x64.Build.0 = Release|Any CPU
		{A6F724AF-5200-4D77-A44E-5FD4124D83DB}.Release|x86.ActiveCfg = Release|Any CPU
		{A6F724AF-5200-4D77-A44E-5FD4124D83DB}.Release|x86.Build.0 = Release|Any CPU
		{D000A42D-3517-4A57-A4C0-923D4DD9BDD1}.Debug|Any CPU.ActiveCfg = Debug|Any CPU
		{D000A42D-3517-4A57-A4C0-923D4DD9BDD1}.Debug|Any CPU.Build.0 = Debug|Any CPU
		{D000A42D-3517-4A57-A4C0-923D4DD9BDD1}.Debug|x64.ActiveCfg = Debug|Any CPU
		{D000A42D-3517-4A57-A4C0-923D4DD9BDD1}.Debug|x64.Build.0 = Debug|Any CPU
		{D000A42D-3517-4A57-A4C0-923D4DD9BDD1}.Debug|x86.ActiveCfg = Debug|Any CPU
		{D000A42D-3517-4A57-A4C0-923D4DD9BDD1}.Debug|x86.Build.0 = Debug|Any CPU
		{D000A42D-3517-4A57-A4C0-923D4DD9BDD1}.Release|Any CPU.ActiveCfg = Release|Any CPU
		{D000A42D-3517-4A57-A4C0-923D4DD9BDD1}.Release|Any CPU.Build.0 = Release|Any CPU
		{D000A42D-3517-4A57-A4C0-923D4DD9BDD1}.Release|x64.ActiveCfg = Release|Any CPU
		{D000A42D-3517-4A57-A4C0-923D4DD9BDD1}.Release|x64.Build.0 = Release|Any CPU
		{D000A42D-3517-4A57-A4C0-923D4DD9BDD1}.Release|x86.ActiveCfg = Release|Any CPU
		{D000A42D-3517-4A57-A4C0-923D4DD9BDD1}.Release|x86.Build.0 = Release|Any CPU
		{6F7C6759-33E1-444E-B857-440FE9A3359D}.Debug|Any CPU.ActiveCfg = Debug|Any CPU
		{6F7C6759-33E1-444E-B857-440FE9A3359D}.Debug|Any CPU.Build.0 = Debug|Any CPU
		{6F7C6759-33E1-444E-B857-440FE9A3359D}.Debug|x64.ActiveCfg = Debug|Any CPU
		{6F7C6759-33E1-444E-B857-440FE9A3359D}.Debug|x64.Build.0 = Debug|Any CPU
		{6F7C6759-33E1-444E-B857-440FE9A3359D}.Debug|x86.ActiveCfg = Debug|Any CPU
		{6F7C6759-33E1-444E-B857-440FE9A3359D}.Debug|x86.Build.0 = Debug|Any CPU
		{6F7C6759-33E1-444E-B857-440FE9A3359D}.Release|Any CPU.ActiveCfg = Release|Any CPU
		{6F7C6759-33E1-444E-B857-440FE9A3359D}.Release|Any CPU.Build.0 = Release|Any CPU
		{6F7C6759-33E1-444E-B857-440FE9A3359D}.Release|x64.ActiveCfg = Release|Any CPU
		{6F7C6759-33E1-444E-B857-440FE9A3359D}.Release|x64.Build.0 = Release|Any CPU
		{6F7C6759-33E1-444E-B857-440FE9A3359D}.Release|x86.ActiveCfg = Release|Any CPU
		{6F7C6759-33E1-444E-B857-440FE9A3359D}.Release|x86.Build.0 = Release|Any CPU
		{CD162DA2-BEF2-42BC-BF64-0AD8B799BE6F}.Debug|Any CPU.ActiveCfg = Debug|Any CPU
		{CD162DA2-BEF2-42BC-BF64-0AD8B799BE6F}.Debug|Any CPU.Build.0 = Debug|Any CPU
		{CD162DA2-BEF2-42BC-BF64-0AD8B799BE6F}.Debug|x64.ActiveCfg = Debug|Any CPU
		{CD162DA2-BEF2-42BC-BF64-0AD8B799BE6F}.Debug|x64.Build.0 = Debug|Any CPU
		{CD162DA2-BEF2-42BC-BF64-0AD8B799BE6F}.Debug|x86.ActiveCfg = Debug|Any CPU
		{CD162DA2-BEF2-42BC-BF64-0AD8B799BE6F}.Debug|x86.Build.0 = Debug|Any CPU
		{CD162DA2-BEF2-42BC-BF64-0AD8B799BE6F}.Release|Any CPU.ActiveCfg = Release|Any CPU
		{CD162DA2-BEF2-42BC-BF64-0AD8B799BE6F}.Release|Any CPU.Build.0 = Release|Any CPU
		{CD162DA2-BEF2-42BC-BF64-0AD8B799BE6F}.Release|x64.ActiveCfg = Release|Any CPU
		{CD162DA2-BEF2-42BC-BF64-0AD8B799BE6F}.Release|x64.Build.0 = Release|Any CPU
		{CD162DA2-BEF2-42BC-BF64-0AD8B799BE6F}.Release|x86.ActiveCfg = Release|Any CPU
		{CD162DA2-BEF2-42BC-BF64-0AD8B799BE6F}.Release|x86.Build.0 = Release|Any CPU
		{339812E8-7868-4EDB-AA4F-456B751C5B12}.Debug|Any CPU.ActiveCfg = Debug|Any CPU
		{339812E8-7868-4EDB-AA4F-456B751C5B12}.Debug|Any CPU.Build.0 = Debug|Any CPU
		{339812E8-7868-4EDB-AA4F-456B751C5B12}.Debug|x64.ActiveCfg = Debug|Any CPU
		{339812E8-7868-4EDB-AA4F-456B751C5B12}.Debug|x64.Build.0 = Debug|Any CPU
		{339812E8-7868-4EDB-AA4F-456B751C5B12}.Debug|x86.ActiveCfg = Debug|Any CPU
		{339812E8-7868-4EDB-AA4F-456B751C5B12}.Debug|x86.Build.0 = Debug|Any CPU
		{339812E8-7868-4EDB-AA4F-456B751C5B12}.Release|Any CPU.ActiveCfg = Release|Any CPU
		{339812E8-7868-4EDB-AA4F-456B751C5B12}.Release|Any CPU.Build.0 = Release|Any CPU
		{339812E8-7868-4EDB-AA4F-456B751C5B12}.Release|x64.ActiveCfg = Release|Any CPU
		{339812E8-7868-4EDB-AA4F-456B751C5B12}.Release|x64.Build.0 = Release|Any CPU
		{339812E8-7868-4EDB-AA4F-456B751C5B12}.Release|x86.ActiveCfg = Release|Any CPU
		{339812E8-7868-4EDB-AA4F-456B751C5B12}.Release|x86.Build.0 = Release|Any CPU
		{14E84B52-914E-47B8-BE57-B6FAC964F756}.Debug|Any CPU.ActiveCfg = Debug|Any CPU
		{14E84B52-914E-47B8-BE57-B6FAC964F756}.Debug|Any CPU.Build.0 = Debug|Any CPU
		{14E84B52-914E-47B8-BE57-B6FAC964F756}.Debug|x64.ActiveCfg = Debug|Any CPU
		{14E84B52-914E-47B8-BE57-B6FAC964F756}.Debug|x64.Build.0 = Debug|Any CPU
		{14E84B52-914E-47B8-BE57-B6FAC964F756}.Debug|x86.ActiveCfg = Debug|Any CPU
		{14E84B52-914E-47B8-BE57-B6FAC964F756}.Debug|x86.Build.0 = Debug|Any CPU
		{14E84B52-914E-47B8-BE57-B6FAC964F756}.Release|Any CPU.ActiveCfg = Release|Any CPU
		{14E84B52-914E-47B8-BE57-B6FAC964F756}.Release|Any CPU.Build.0 = Release|Any CPU
		{14E84B52-914E-47B8-BE57-B6FAC964F756}.Release|x64.ActiveCfg = Release|Any CPU
		{14E84B52-914E-47B8-BE57-B6FAC964F756}.Release|x64.Build.0 = Release|Any CPU
		{14E84B52-914E-47B8-BE57-B6FAC964F756}.Release|x86.ActiveCfg = Release|Any CPU
		{14E84B52-914E-47B8-BE57-B6FAC964F756}.Release|x86.Build.0 = Release|Any CPU
		{EFB54920-7351-4DE1-B3BA-F050E0EC763E}.Debug|Any CPU.ActiveCfg = Debug|Any CPU
		{EFB54920-7351-4DE1-B3BA-F050E0EC763E}.Debug|Any CPU.Build.0 = Debug|Any CPU
		{EFB54920-7351-4DE1-B3BA-F050E0EC763E}.Debug|x64.ActiveCfg = Debug|Any CPU
		{EFB54920-7351-4DE1-B3BA-F050E0EC763E}.Debug|x64.Build.0 = Debug|Any CPU
		{EFB54920-7351-4DE1-B3BA-F050E0EC763E}.Debug|x86.ActiveCfg = Debug|Any CPU
		{EFB54920-7351-4DE1-B3BA-F050E0EC763E}.Debug|x86.Build.0 = Debug|Any CPU
		{EFB54920-7351-4DE1-B3BA-F050E0EC763E}.Release|Any CPU.ActiveCfg = Release|Any CPU
		{EFB54920-7351-4DE1-B3BA-F050E0EC763E}.Release|Any CPU.Build.0 = Release|Any CPU
		{EFB54920-7351-4DE1-B3BA-F050E0EC763E}.Release|x64.ActiveCfg = Release|Any CPU
		{EFB54920-7351-4DE1-B3BA-F050E0EC763E}.Release|x64.Build.0 = Release|Any CPU
		{EFB54920-7351-4DE1-B3BA-F050E0EC763E}.Release|x86.ActiveCfg = Release|Any CPU
		{EFB54920-7351-4DE1-B3BA-F050E0EC763E}.Release|x86.Build.0 = Release|Any CPU
		{0A45505F-D489-4636-85A1-67942A1E8846}.Debug|Any CPU.ActiveCfg = Debug|Any CPU
		{0A45505F-D489-4636-85A1-67942A1E8846}.Debug|Any CPU.Build.0 = Debug|Any CPU
		{0A45505F-D489-4636-85A1-67942A1E8846}.Debug|x64.ActiveCfg = Debug|Any CPU
		{0A45505F-D489-4636-85A1-67942A1E8846}.Debug|x64.Build.0 = Debug|Any CPU
		{0A45505F-D489-4636-85A1-67942A1E8846}.Debug|x86.ActiveCfg = Debug|Any CPU
		{0A45505F-D489-4636-85A1-67942A1E8846}.Debug|x86.Build.0 = Debug|Any CPU
		{0A45505F-D489-4636-85A1-67942A1E8846}.Release|Any CPU.ActiveCfg = Release|Any CPU
		{0A45505F-D489-4636-85A1-67942A1E8846}.Release|Any CPU.Build.0 = Release|Any CPU
		{0A45505F-D489-4636-85A1-67942A1E8846}.Release|x64.ActiveCfg = Release|Any CPU
		{0A45505F-D489-4636-85A1-67942A1E8846}.Release|x64.Build.0 = Release|Any CPU
		{0A45505F-D489-4636-85A1-67942A1E8846}.Release|x86.ActiveCfg = Release|Any CPU
		{0A45505F-D489-4636-85A1-67942A1E8846}.Release|x86.Build.0 = Release|Any CPU
		{1926BC25-BD96-4552-801D-6F04E513DABB}.Debug|Any CPU.ActiveCfg = Debug|Any CPU
		{1926BC25-BD96-4552-801D-6F04E513DABB}.Debug|Any CPU.Build.0 = Debug|Any CPU
		{1926BC25-BD96-4552-801D-6F04E513DABB}.Debug|x64.ActiveCfg = Debug|Any CPU
		{1926BC25-BD96-4552-801D-6F04E513DABB}.Debug|x64.Build.0 = Debug|Any CPU
		{1926BC25-BD96-4552-801D-6F04E513DABB}.Debug|x86.ActiveCfg = Debug|Any CPU
		{1926BC25-BD96-4552-801D-6F04E513DABB}.Debug|x86.Build.0 = Debug|Any CPU
		{1926BC25-BD96-4552-801D-6F04E513DABB}.Release|Any CPU.ActiveCfg = Release|Any CPU
		{1926BC25-BD96-4552-801D-6F04E513DABB}.Release|Any CPU.Build.0 = Release|Any CPU
		{1926BC25-BD96-4552-801D-6F04E513DABB}.Release|x64.ActiveCfg = Release|Any CPU
		{1926BC25-BD96-4552-801D-6F04E513DABB}.Release|x64.Build.0 = Release|Any CPU
		{1926BC25-BD96-4552-801D-6F04E513DABB}.Release|x86.ActiveCfg = Release|Any CPU
		{1926BC25-BD96-4552-801D-6F04E513DABB}.Release|x86.Build.0 = Release|Any CPU
		{4DF02FC8-663E-4AE9-B795-EEB647F1F008}.Debug|Any CPU.ActiveCfg = Debug|Any CPU
		{4DF02FC8-663E-4AE9-B795-EEB647F1F008}.Debug|Any CPU.Build.0 = Debug|Any CPU
		{4DF02FC8-663E-4AE9-B795-EEB647F1F008}.Debug|x64.ActiveCfg = Debug|Any CPU
		{4DF02FC8-663E-4AE9-B795-EEB647F1F008}.Debug|x64.Build.0 = Debug|Any CPU
		{4DF02FC8-663E-4AE9-B795-EEB647F1F008}.Debug|x86.ActiveCfg = Debug|Any CPU
		{4DF02FC8-663E-4AE9-B795-EEB647F1F008}.Debug|x86.Build.0 = Debug|Any CPU
		{4DF02FC8-663E-4AE9-B795-EEB647F1F008}.Release|Any CPU.ActiveCfg = Release|Any CPU
		{4DF02FC8-663E-4AE9-B795-EEB647F1F008}.Release|Any CPU.Build.0 = Release|Any CPU
		{4DF02FC8-663E-4AE9-B795-EEB647F1F008}.Release|x64.ActiveCfg = Release|Any CPU
		{4DF02FC8-663E-4AE9-B795-EEB647F1F008}.Release|x64.Build.0 = Release|Any CPU
		{4DF02FC8-663E-4AE9-B795-EEB647F1F008}.Release|x86.ActiveCfg = Release|Any CPU
		{4DF02FC8-663E-4AE9-B795-EEB647F1F008}.Release|x86.Build.0 = Release|Any CPU
		{03075199-8CAD-4E7C-9E60-66DD70382CD7}.Debug|Any CPU.ActiveCfg = Debug|Any CPU
		{03075199-8CAD-4E7C-9E60-66DD70382CD7}.Debug|Any CPU.Build.0 = Debug|Any CPU
		{03075199-8CAD-4E7C-9E60-66DD70382CD7}.Debug|x64.ActiveCfg = Debug|Any CPU
		{03075199-8CAD-4E7C-9E60-66DD70382CD7}.Debug|x64.Build.0 = Debug|Any CPU
		{03075199-8CAD-4E7C-9E60-66DD70382CD7}.Debug|x86.ActiveCfg = Debug|Any CPU
		{03075199-8CAD-4E7C-9E60-66DD70382CD7}.Debug|x86.Build.0 = Debug|Any CPU
		{03075199-8CAD-4E7C-9E60-66DD70382CD7}.Release|Any CPU.ActiveCfg = Release|Any CPU
		{03075199-8CAD-4E7C-9E60-66DD70382CD7}.Release|Any CPU.Build.0 = Release|Any CPU
		{03075199-8CAD-4E7C-9E60-66DD70382CD7}.Release|x64.ActiveCfg = Release|Any CPU
		{03075199-8CAD-4E7C-9E60-66DD70382CD7}.Release|x64.Build.0 = Release|Any CPU
		{03075199-8CAD-4E7C-9E60-66DD70382CD7}.Release|x86.ActiveCfg = Release|Any CPU
		{03075199-8CAD-4E7C-9E60-66DD70382CD7}.Release|x86.Build.0 = Release|Any CPU
		{482B0699-1DFD-4F56-910C-82C87C770DC5}.Debug|Any CPU.ActiveCfg = Debug|Any CPU
		{482B0699-1DFD-4F56-910C-82C87C770DC5}.Debug|Any CPU.Build.0 = Debug|Any CPU
		{482B0699-1DFD-4F56-910C-82C87C770DC5}.Debug|x64.ActiveCfg = Debug|Any CPU
		{482B0699-1DFD-4F56-910C-82C87C770DC5}.Debug|x64.Build.0 = Debug|Any CPU
		{482B0699-1DFD-4F56-910C-82C87C770DC5}.Debug|x86.ActiveCfg = Debug|Any CPU
		{482B0699-1DFD-4F56-910C-82C87C770DC5}.Debug|x86.Build.0 = Debug|Any CPU
		{482B0699-1DFD-4F56-910C-82C87C770DC5}.Release|Any CPU.ActiveCfg = Release|Any CPU
		{482B0699-1DFD-4F56-910C-82C87C770DC5}.Release|Any CPU.Build.0 = Release|Any CPU
		{482B0699-1DFD-4F56-910C-82C87C770DC5}.Release|x64.ActiveCfg = Release|Any CPU
		{482B0699-1DFD-4F56-910C-82C87C770DC5}.Release|x64.Build.0 = Release|Any CPU
		{482B0699-1DFD-4F56-910C-82C87C770DC5}.Release|x86.ActiveCfg = Release|Any CPU
		{482B0699-1DFD-4F56-910C-82C87C770DC5}.Release|x86.Build.0 = Release|Any CPU
		{2AD48184-0287-4A6C-8698-5E993379C0F3}.Debug|Any CPU.ActiveCfg = Debug|Any CPU
		{2AD48184-0287-4A6C-8698-5E993379C0F3}.Debug|Any CPU.Build.0 = Debug|Any CPU
		{2AD48184-0287-4A6C-8698-5E993379C0F3}.Debug|x64.ActiveCfg = Debug|Any CPU
		{2AD48184-0287-4A6C-8698-5E993379C0F3}.Debug|x64.Build.0 = Debug|Any CPU
		{2AD48184-0287-4A6C-8698-5E993379C0F3}.Debug|x86.ActiveCfg = Debug|Any CPU
		{2AD48184-0287-4A6C-8698-5E993379C0F3}.Debug|x86.Build.0 = Debug|Any CPU
		{2AD48184-0287-4A6C-8698-5E993379C0F3}.Release|Any CPU.ActiveCfg = Release|Any CPU
		{2AD48184-0287-4A6C-8698-5E993379C0F3}.Release|Any CPU.Build.0 = Release|Any CPU
		{2AD48184-0287-4A6C-8698-5E993379C0F3}.Release|x64.ActiveCfg = Release|Any CPU
		{2AD48184-0287-4A6C-8698-5E993379C0F3}.Release|x64.Build.0 = Release|Any CPU
		{2AD48184-0287-4A6C-8698-5E993379C0F3}.Release|x86.ActiveCfg = Release|Any CPU
		{2AD48184-0287-4A6C-8698-5E993379C0F3}.Release|x86.Build.0 = Release|Any CPU
	EndGlobalSection
	GlobalSection(SolutionProperties) = preSolution
		HideSolutionNode = FALSE
	EndGlobalSection
	GlobalSection(NestedProjects) = preSolution
		{D000A42D-3517-4A57-A4C0-923D4DD9BDD1} = {827E0CD3-B72D-47B6-A68D-7590B98EB39B}
		{CD162DA2-BEF2-42BC-BF64-0AD8B799BE6F} = {1787FE1D-075E-9E68-7218-25F1BD1BBEAB}
		{339812E8-7868-4EDB-AA4F-456B751C5B12} = {1787FE1D-075E-9E68-7218-25F1BD1BBEAB}
		{14E84B52-914E-47B8-BE57-B6FAC964F756} = {1787FE1D-075E-9E68-7218-25F1BD1BBEAB}
		{EFB54920-7351-4DE1-B3BA-F050E0EC763E} = {A4EED6EE-E4C7-43A3-A923-82880ED55D58}
		{0A45505F-D489-4636-85A1-67942A1E8846} = {1787FE1D-075E-9E68-7218-25F1BD1BBEAB}
		{1926BC25-BD96-4552-801D-6F04E513DABB} = {1787FE1D-075E-9E68-7218-25F1BD1BBEAB}
		{4DF02FC8-663E-4AE9-B795-EEB647F1F008} = {1787FE1D-075E-9E68-7218-25F1BD1BBEAB}
		{03075199-8CAD-4E7C-9E60-66DD70382CD7} = {1787FE1D-075E-9E68-7218-25F1BD1BBEAB}
		{482B0699-1DFD-4F56-910C-82C87C770DC5} = {A4EED6EE-E4C7-43A3-A923-82880ED55D58}
		{2AD48184-0287-4A6C-8698-5E993379C0F3} = {827E0CD3-B72D-47B6-A68D-7590B98EB39B}
	EndGlobalSection
EndGlobal
